<?xml version="1.0" encoding="utf-8"?>
<Project ToolsVersion="4.0" xmlns="http://schemas.microsoft.com/developer/msbuild/2003">
  <ItemGroup>
    <Filter Include="Source Files">
      <UniqueIdentifier>{4FC737F1-C7A5-4376-A066-2A32D752A2FF}</UniqueIdentifier>
      <Extensions>cpp;c;cc;cxx;def;odl;idl;hpj;bat;asm;asmx</Extensions>
    </Filter>
    <Filter Include="Header Files">
      <UniqueIdentifier>{93995380-89BD-4b04-88EB-625FBE52EBFB}</UniqueIdentifier>
      <Extensions>h;hh;hpp;hxx;hm;inl;inc;ipp;xsd</Extensions>
    </Filter>
    <Filter Include="Resource Files">
      <UniqueIdentifier>{67DA6AB6-F800-4c08-8B7A-83BB121AAD01}</UniqueIdentifier>
      <Extensions>rc;ico;cur;bmp;dlg;rc2;rct;bin;rgs;gif;jpg;jpeg;jpe;resx;tiff;tif;png;wav;mfcribbon-ms</Extensions>
    </Filter>
  </ItemGroup>
  <ItemGroup>
    <ClInclude Include="Khoa.h">
      <Filter>Header Files</Filter>
    </ClInclude>
    <ClInclude Include="QLKhoa.h">
      <Filter>Header Files</Filter>
    </ClInclude>
    <ClInclude Include="Chuyennganh.h">
      <Filter>Header Files</Filter>
    </ClInclude>
    <ClInclude Include="QLChuyennganh.h">
      <Filter>Header Files</Filter>
    </ClInclude>
    <ClInclude Include="Lop.h">
      <Filter>Header Files</Filter>
    </ClInclude>
    <ClInclude Include="QLLop.h">
      <Filter>Header Files</Filter>
    </ClInclude>
    <ClInclude Include="Sinhvien.h">
      <Filter>Header Files</Filter>
    </ClInclude>
    <ClInclude Include="QLSinhvien.h">
      <Filter>Header Files</Filter>
    </ClInclude>
    <ClInclude Include="Monhoc.h">
      <Filter>Header Files</Filter>
    </ClInclude>
    <ClInclude Include="QLMonhoc.h">
      <Filter>Header Files</Filter>
    </ClInclude>
    <ClInclude Include="Dangkymonhoc.h">
      <Filter>Header Files</Filter>
    </ClInclude>
    <ClInclude Include="QLDangkymonhoc.h">
      <Filter>Header Files</Filter>
    </ClInclude>
    <ClInclude Include="Ketqua.h">
      <Filter>Header Files</Filter>
    </ClInclude>
    <ClInclude Include="QLKetqua.h">
      <Filter>Header Files</Filter>
    </ClInclude>
  </ItemGroup>
  <ItemGroup>
    <ClCompile Include="Khoa.cpp">
      <Filter>Source Files</Filter>
    </ClCompile>
    <ClCompile Include="QLKhoa.cpp">
      <Filter>Source Files</Filter>
    </ClCompile>
    <ClCompile Include="Source.cpp">
      <Filter>Source Files</Filter>
    </ClCompile>
    <ClCompile Include="Chuyennganh.cpp">
      <Filter>Source Files</Filter>
    </ClCompile>
    <ClCompile Include="QLChuyennganh.cpp">
      <Filter>Source Files</Filter>
    </ClCompile>
    <ClCompile Include="Lop.cpp">
      <Filter>Source Files</Filter>
    </ClCompile>
    <ClCompile Include="QLLop.cpp">
      <Filter>Source Files</Filter>
    </ClCompile>
    <ClCompile Include="Sinhvien.cpp">
      <Filter>Source Files</Filter>
    </ClCompile>
    <ClCompile Include="QLSinhvien.cpp">
      <Filter>Source Files</Filter>
    </ClCompile>
    <ClCompile Include="Monhoc.cpp">
      <Filter>Source Files</Filter>
    </ClCompile>
    <ClCompile Include="QLMonhoc.cpp">
      <Filter>Source Files</Filter>
    </ClCompile>
    <ClCompile Include="Dangkymonhoc.cpp">
      <Filter>Source Files</Filter>
    </ClCompile>
    <ClCompile Include="QLDangkymonhoc.cpp">
      <Filter>Source Files</Filter>
    </ClCompile>
    <ClCompile Include="Ketqua.cpp">
      <Filter>Source Files</Filter>
    </ClCompile>
    <ClCompile Include="QLKetqua.cpp">
      <Filter>Source Files</Filter>
    </ClCompile>
  </ItemGroup>
</Project>